// !$*UTF8*$!
{
	archiveVersion = 1;
	classes = {
	};
	objectVersion = 46;
	objects = {

/* Begin PBXBuildFile section */
		B33A4A5B19485FCE00101D39 /* AppDelegate.swift in Sources */ = {isa = PBXBuildFile; fileRef = B33A4A5A19485FCE00101D39 /* AppDelegate.swift */; };
		B33A4A5D19485FCE00101D39 /* ViewController.swift in Sources */ = {isa = PBXBuildFile; fileRef = B33A4A5C19485FCE00101D39 /* ViewController.swift */; };
		B33A4A6019485FCE00101D39 /* Main.storyboard in Resources */ = {isa = PBXBuildFile; fileRef = B33A4A5E19485FCE00101D39 /* Main.storyboard */; };
		B33A4A6219485FCE00101D39 /* Images.xcassets in Resources */ = {isa = PBXBuildFile; fileRef = B33A4A6119485FCE00101D39 /* Images.xcassets */; };
		B33A4A6E19485FCE00101D39 /* TTSwiftTests.swift in Sources */ = {isa = PBXBuildFile; fileRef = B33A4A6D19485FCE00101D39 /* TTSwiftTests.swift */; };
/* End PBXBuildFile section */

/* Begin PBXContainerItemProxy section */
		B33A4A6819485FCE00101D39 /* PBXContainerItemProxy */ = {
			isa = PBXContainerItemProxy;
			containerPortal = B33A4A4D19485FCE00101D39 /* Project object */;
			proxyType = 1;
			remoteGlobalIDString = B33A4A5419485FCE00101D39;
			remoteInfo = TTSwift;
		};
/* End PBXContainerItemProxy section */

/* Begin PBXFileReference section */
		B33A4A5519485FCE00101D39 /* TTSwift.app */ = {isa = PBXFileReference; explicitFileType = wrapper.application; includeInIndex = 0; path = TTSwift.app; sourceTree = BUILT_PRODUCTS_DIR; };
		B33A4A5919485FCE00101D39 /* Info.plist */ = {isa = PBXFileReference; lastKnownFileType = text.plist.xml; path = Info.plist; sourceTree = "<group>"; };
		B33A4A5A19485FCE00101D39 /* AppDelegate.swift */ = {isa = PBXFileReference; lastKnownFileType = sourcecode.swift; path = AppDelegate.swift; sourceTree = "<group>"; };
		B33A4A5C19485FCE00101D39 /* ViewController.swift */ = {isa = PBXFileReference; lastKnownFileType = sourcecode.swift; path = ViewController.swift; sourceTree = "<group>"; };
		B33A4A5F19485FCE00101D39 /* Base */ = {isa = PBXFileReference; lastKnownFileType = file.storyboard; name = Base; path = Base.lproj/Main.storyboard; sourceTree = "<group>"; };
		B33A4A6119485FCE00101D39 /* Images.xcassets */ = {isa = PBXFileReference; lastKnownFileType = folder.assetcatalog; path = Images.xcassets; sourceTree = "<group>"; };
		B33A4A6719485FCE00101D39 /* TTSwiftTests.xctest */ = {isa = PBXFileReference; explicitFileType = wrapper.cfbundle; includeInIndex = 0; path = TTSwiftTests.xctest; sourceTree = BUILT_PRODUCTS_DIR; };
		B33A4A6C19485FCE00101D39 /* Info.plist */ = {isa = PBXFileReference; lastKnownFileType = text.plist.xml; path = Info.plist; sourceTree = "<group>"; };
		B33A4A6D19485FCE00101D39 /* TTSwiftTests.swift */ = {isa = PBXFileReference; lastKnownFileType = sourcecode.swift; path = TTSwiftTests.swift; sourceTree = "<group>"; };
/* End PBXFileReference section */

/* Begin PBXFrameworksBuildPhase section */
		B33A4A5219485FCE00101D39 /* Frameworks */ = {
			isa = PBXFrameworksBuildPhase;
			buildActionMask = 2147483647;
			files = (
			);
			runOnlyForDeploymentPostprocessing = 0;
		};
		B33A4A6419485FCE00101D39 /* Frameworks */ = {
			isa = PBXFrameworksBuildPhase;
			buildActionMask = 2147483647;
			files = (
			);
			runOnlyForDeploymentPostprocessing = 0;
		};
/* End PBXFrameworksBuildPhase section */

/* Begin PBXGroup section */
		B33A4A4C19485FCE00101D39 = {
			isa = PBXGroup;
			children = (
				B33A4A5719485FCE00101D39 /* TTSwift */,
				B33A4A6A19485FCE00101D39 /* TTSwiftTests */,
				B33A4A5619485FCE00101D39 /* Products */,
			);
			sourceTree = "<group>";
		};
		B33A4A5619485FCE00101D39 /* Products */ = {
			isa = PBXGroup;
			children = (
				B33A4A5519485FCE00101D39 /* TTSwift.app */,
				B33A4A6719485FCE00101D39 /* TTSwiftTests.xctest */,
			);
			name = Products;
			sourceTree = "<group>";
		};
		B33A4A5719485FCE00101D39 /* TTSwift */ = {
			isa = PBXGroup;
			children = (
				B33A4A5A19485FCE00101D39 /* AppDelegate.swift */,
				B33A4A5C19485FCE00101D39 /* ViewController.swift */,
				B33A4A5E19485FCE00101D39 /* Main.storyboard */,
				B33A4A6119485FCE00101D39 /* Images.xcassets */,
				B33A4A5819485FCE00101D39 /* Supporting Files */,
			);
			path = TTSwift;
			sourceTree = "<group>";
		};
		B33A4A5819485FCE00101D39 /* Supporting Files */ = {
			isa = PBXGroup;
			children = (
				B33A4A5919485FCE00101D39 /* Info.plist */,
			);
			name = "Supporting Files";
			sourceTree = "<group>";
		};
		B33A4A6A19485FCE00101D39 /* TTSwiftTests */ = {
			isa = PBXGroup;
			children = (
				B33A4A6D19485FCE00101D39 /* TTSwiftTests.swift */,
				B33A4A6B19485FCE00101D39 /* Supporting Files */,
			);
			path = TTSwiftTests;
			sourceTree = "<group>";
		};
		B33A4A6B19485FCE00101D39 /* Supporting Files */ = {
			isa = PBXGroup;
			children = (
				B33A4A6C19485FCE00101D39 /* Info.plist */,
			);
			name = "Supporting Files";
			sourceTree = "<group>";
		};
/* End PBXGroup section */

/* Begin PBXNativeTarget section */
		B33A4A5419485FCE00101D39 /* TTSwift */ = {
			isa = PBXNativeTarget;
			buildConfigurationList = B33A4A7119485FCE00101D39 /* Build configuration list for PBXNativeTarget "TTSwift" */;
			buildPhases = (
				B33A4A5119485FCE00101D39 /* Sources */,
				B33A4A5219485FCE00101D39 /* Frameworks */,
				B33A4A5319485FCE00101D39 /* Resources */,
			);
			buildRules = (
			);
			dependencies = (
			);
			name = TTSwift;
			productName = TTSwift;
			productReference = B33A4A5519485FCE00101D39 /* TTSwift.app */;
			productType = "com.apple.product-type.application";
		};
		B33A4A6619485FCE00101D39 /* TTSwiftTests */ = {
			isa = PBXNativeTarget;
			buildConfigurationList = B33A4A7419485FCE00101D39 /* Build configuration list for PBXNativeTarget "TTSwiftTests" */;
			buildPhases = (
				B33A4A6319485FCE00101D39 /* Sources */,
				B33A4A6419485FCE00101D39 /* Frameworks */,
				B33A4A6519485FCE00101D39 /* Resources */,
			);
			buildRules = (
			);
			dependencies = (
				B33A4A6919485FCE00101D39 /* PBXTargetDependency */,
			);
			name = TTSwiftTests;
			productName = TTSwiftTests;
			productReference = B33A4A6719485FCE00101D39 /* TTSwiftTests.xctest */;
			productType = "com.apple.product-type.bundle.unit-test";
		};
/* End PBXNativeTarget section */

/* Begin PBXProject section */
		B33A4A4D19485FCE00101D39 /* Project object */ = {
			isa = PBXProject;
			attributes = {
				LastUpgradeCheck = 0600;
				ORGANIZATIONNAME = Vienta;
				TargetAttributes = {
					B33A4A5419485FCE00101D39 = {
						CreatedOnToolsVersion = 6.0;
					};
					B33A4A6619485FCE00101D39 = {
						CreatedOnToolsVersion = 6.0;
						TestTargetID = B33A4A5419485FCE00101D39;
					};
				};
			};
			buildConfigurationList = B33A4A5019485FCE00101D39 /* Build configuration list for PBXProject "TTSwift" */;
			compatibilityVersion = "Xcode 3.2";
			developmentRegion = English;
			hasScannedForEncodings = 0;
			knownRegions = (
				en,
				Base,
			);
			mainGroup = B33A4A4C19485FCE00101D39;
			productRefGroup = B33A4A5619485FCE00101D39 /* Products */;
			projectDirPath = "";
			projectRoot = "";
			targets = (
				B33A4A5419485FCE00101D39 /* TTSwift */,
				B33A4A6619485FCE00101D39 /* TTSwiftTests */,
			);
		};
/* End PBXProject section */

/* Begin PBXResourcesBuildPhase section */
		B33A4A5319485FCE00101D39 /* Resources */ = {
			isa = PBXResourcesBuildPhase;
			buildActionMask = 2147483647;
			files = (
				B33A4A6019485FCE00101D39 /* Main.storyboard in Resources */,
				B33A4A6219485FCE00101D39 /* Images.xcassets in Resources */,
			);
			runOnlyForDeploymentPostprocessing = 0;
		};
		B33A4A6519485FCE00101D39 /* Resources */ = {
			isa = PBXResourcesBuildPhase;
			buildActionMask = 2147483647;
			files = (
			);
			runOnlyForDeploymentPostprocessing = 0;
		};
/* End PBXResourcesBuildPhase section */

/* Begin PBXSourcesBuildPhase section */
		B33A4A5119485FCE00101D39 /* Sources */ = {
			isa = PBXSourcesBuildPhase;
			buildActionMask = 2147483647;
			files = (
				B33A4A5D19485FCE00101D39 /* ViewController.swift in Sources */,
				B33A4A5B19485FCE00101D39 /* AppDelegate.swift in Sources */,
			);
			runOnlyForDeploymentPostprocessing = 0;
		};
		B33A4A6319485FCE00101D39 /* Sources */ = {
			isa = PBXSourcesBuildPhase;
			buildActionMask = 2147483647;
			files = (
				B33A4A6E19485FCE00101D39 /* TTSwiftTests.swift in Sources */,
			);
			runOnlyForDeploymentPostprocessing = 0;
		};
/* End PBXSourcesBuildPhase section */

/* Begin PBXTargetDependency section */
		B33A4A6919485FCE00101D39 /* PBXTargetDependency */ = {
			isa = PBXTargetDependency;
			target = B33A4A5419485FCE00101D39 /* TTSwift */;
			targetProxy = B33A4A6819485FCE00101D39 /* PBXContainerItemProxy */;
		};
/* End PBXTargetDependency section */

/* Begin PBXVariantGroup section */
		B33A4A5E19485FCE00101D39 /* Main.storyboard */ = {
			isa = PBXVariantGroup;
			children = (
				B33A4A5F19485FCE00101D39 /* Base */,
			);
			name = Main.storyboard;
			sourceTree = "<group>";
		};
/* End PBXVariantGroup section */

/* Begin XCBuildConfiguration section */
		B33A4A6F19485FCE00101D39 /* Debug */ = {
			isa = XCBuildConfiguration;
			buildSettings = {
				ALWAYS_SEARCH_USER_PATHS = NO;
				CLANG_CXX_LANGUAGE_STANDARD = "gnu++0x";
				CLANG_CXX_LIBRARY = "libc++";
				CLANG_ENABLE_MODULES = YES;
				CLANG_ENABLE_OBJC_ARC = YES;
				CLANG_WARN_BOOL_CONVERSION = YES;
				CLANG_WARN_CONSTANT_CONVERSION = YES;
				CLANG_WARN_DIRECT_OBJC_ISA_USAGE = YES_ERROR;
				CLANG_WARN_EMPTY_BODY = YES;
				CLANG_WARN_ENUM_CONVERSION = YES;
				CLANG_WARN_INT_CONVERSION = YES;
				CLANG_WARN_OBJC_ROOT_CLASS = YES_ERROR;
				CLANG_WARN_UNREACHABLE_CODE = YES;
				CLANG_WARN__DUPLICATE_METHOD_MATCH = YES;
				"CODE_SIGN_IDENTITY[sdk=iphoneos*]" = "iPhone Developer";
				COPY_PHASE_STRIP = NO;
				ENABLE_STRICT_OBJC_MSGSEND = YES;
				GCC_C_LANGUAGE_STANDARD = gnu99;
				GCC_DYNAMIC_NO_PIC = NO;
				GCC_OPTIMIZATION_LEVEL = 0;
				GCC_PREPROCESSOR_DEFINITIONS = (
					"DEBUG=1",
					"$(inherited)",
				);
				GCC_SYMBOLS_PRIVATE_EXTERN = NO;
				GCC_WARN_64_TO_32_BIT_CONVERSION = YES;
				GCC_WARN_ABOUT_RETURN_TYPE = YES_ERROR;
				GCC_WARN_UNDECLARED_SELECTOR = YES;
				GCC_WARN_UNINITIALIZED_AUTOS = YES_AGGRESSIVE;
				GCC_WARN_UNUSED_FUNCTION = YES;
				GCC_WARN_UNUSED_VARIABLE = YES;
				IPHONEOS_DEPLOYMENT_TARGET = 8.0;
				METAL_ENABLE_DEBUG_INFO = YES;
				ONLY_ACTIVE_ARCH = YES;
				SDKROOT = iphoneos;
				SWIFT_OPTIMIZATION_LEVEL = "-Onone";
				TARGETED_DEVICE_FAMILY = "1,2";
			};
			name = Debug;
		};
		B33A4A7019485FCE00101D39 /* Release */ = {
			isa = XCBuildConfiguration;
			buildSettings = {
				ALWAYS_SEARCH_USER_PATHS = NO;
				CLANG_CXX_LANGUAGE_STANDARD = "gnu++0x";
				CLANG_CXX_LIBRARY = "libc++";
				CLANG_ENABLE_MODULES = YES;
				CLANG_ENABLE_OBJC_ARC = YES;
				CLANG_WARN_BOOL_CONVERSION = YES;
				CLANG_WARN_CONSTANT_CONVERSION = YES;
				CLANG_WARN_DIRECT_OBJC_ISA_USAGE = YES_ERROR;
				CLANG_WARN_EMPTY_BODY = YES;
				CLANG_WARN_ENUM_CONVERSION = YES;
				CLANG_WARN_INT_CONVERSION = YES;
				CLANG_WARN_OBJC_ROOT_CLASS = YES_ERROR;
				CLANG_WARN_UNREACHABLE_CODE = YES;
				CLANG_WARN__DUPLICATE_METHOD_MATCH = YES;
				"CODE_SIGN_IDENTITY[sdk=iphoneos*]" = "iPhone Developer";
				COPY_PHASE_STRIP = YES;
				ENABLE_NS_ASSERTIONS = NO;
				ENABLE_STRICT_OBJC_MSGSEND = YES;
				GCC_C_LANGUAGE_STANDARD = gnu99;
				GCC_WARN_64_TO_32_BIT_CONVERSION = YES;
				GCC_WARN_ABOUT_RETURN_TYPE = YES_ERROR;
				GCC_WARN_UNDECLARED_SELECTOR = YES;
				GCC_WARN_UNINITIALIZED_AUTOS = YES_AGGRESSIVE;
				GCC_WARN_UNUSED_FUNCTION = YES;
				GCC_WARN_UNUSED_VARIABLE = YES;
				IPHONEOS_DEPLOYMENT_TARGET = 8.0;
				METAL_ENABLE_DEBUG_INFO = NO;
				SDKROOT = iphoneos;
				TARGETED_DEVICE_FAMILY = "1,2";
				VALIDATE_PRODUCT = YES;
			};
			name = Release;
		};
		B33A4A7219485FCE00101D39 /* Debug */ = {
			isa = XCBuildConfiguration;
			buildSettings = {
				ASSETCATALOG_COMPILER_APPICON_NAME = AppIcon;
				ASSETCATALOG_COMPILER_LAUNCHIMAGE_NAME = LaunchImage;
				INFOPLIST_FILE = TTSwift/Info.plist;
				LD_RUNPATH_SEARCH_PATHS = "$(inherited) @executable_path/Frameworks";
				PRODUCT_NAME = "$(TARGET_NAME)";
			};
			name = Debug;
		};
		B33A4A7319485FCE00101D39 /* Release */ = {
			isa = XCBuildConfiguration;
			buildSettings = {
				ASSETCATALOG_COMPILER_APPICON_NAME = AppIcon;
				ASSETCATALOG_COMPILER_LAUNCHIMAGE_NAME = LaunchImage;
				INFOPLIST_FILE = TTSwift/Info.plist;
				LD_RUNPATH_SEARCH_PATHS = "$(inherited) @executable_path/Frameworks";
				PRODUCT_NAME = "$(TARGET_NAME)";
			};
			name = Release;
		};
		B33A4A7519485FCE00101D39 /* Debug */ = {
			isa = XCBuildConfiguration;
			buildSettings = {
				BUNDLE_LOADER = "$(BUILT_PRODUCTS_DIR)/TTSwift.app/TTSwift";
				FRAMEWORK_SEARCH_PATHS = (
					"$(SDKROOT)/Developer/Library/Frameworks",
					"$(inherited)",
				);
				GCC_PREPROCESSOR_DEFINITIONS = (
					"DEBUG=1",
					"$(inherited)",
				);
				INFOPLIST_FILE = TTSwiftTests/Info.plist;
				LD_RUNPATH_SEARCH_PATHS = "$(inherited) @executable_path/Frameworks @loader_path/Frameworks";
				METAL_ENABLE_DEBUG_INFO = YES;
				PRODUCT_NAME = "$(TARGET_NAME)";
				TEST_HOST = "$(BUNDLE_LOADER)";
			};
			name = Debug;
		};
		B33A4A7619485FCE00101D39 /* Release */ = {
			isa = XCBuildConfiguration;
			buildSettings = {
				BUNDLE_LOADER = "$(BUILT_PRODUCTS_DIR)/TTSwift.app/TTSwift";
				FRAMEWORK_SEARCH_PATHS = (
					"$(SDKROOT)/Developer/Library/Frameworks",
					"$(inherited)",
				);
				INFOPLIST_FILE = TTSwiftTests/Info.plist;
				LD_RUNPATH_SEARCH_PATHS = "$(inherited) @executable_path/Frameworks @loader_path/Frameworks";
				METAL_ENABLE_DEBUG_INFO = NO;
				PRODUCT_NAME = "$(TARGET_NAME)";
				TEST_HOST = "$(BUNDLE_LOADER)";
			};
			name = Release;
		};
/* End XCBuildConfiguration section */

/* Begin XCConfigurationList section */
		B33A4A5019485FCE00101D39 /* Build configuration list for PBXProject "TTSwift" */ = {
			isa = XCConfigurationList;
			buildConfigurations = (
				B33A4A6F19485FCE00101D39 /* Debug */,
				B33A4A7019485FCE00101D39 /* Release */,
			);
			defaultConfigurationIsVisible = 0;
			defaultConfigurationName = Release;
		};
		B33A4A7119485FCE00101D39 /* Build configuration list for PBXNativeTarget "TTSwift" */ = {
			isa = XCConfigurationList;
			buildConfigurations = (
				B33A4A7219485FCE00101D39 /* Debug */,
				B33A4A7319485FCE00101D39 /* Release */,
			);
			defaultConfigurationIsVisible = 0;
		};
		B33A4A7419485FCE00101D39 /* Build configuration list for PBXNativeTarget "TTSwiftTests" */ = {
			isa = XCConfigurationList;
			buildConfigurations = (
				B33A4A7519485FCE00101D39 /* Debug */,
				B33A4A7619485FCE00101D39 /* Release */,
			);
			defaultConfigurationIsVisible = 0;
		};
/* End XCConfigurationList section */
	};
	rootObject = B33A4A4D19485FCE00101D39 /* Project object */;
}
